
Microsoft Visual Studio Solution File, Format Version 12.00
# Visual Studio Version 16
VisualStudioVersion = 16.0.30011.22
MinimumVisualStudioVersion = 10.0.40219.1
Project("{8BC9CEB8-8B4A-11D0-8D11-00A0C91BC942}") = "BinaryFiles", "BinaryFiles\BinaryFiles.vcxproj", "{EC1CA2DE-C68C-4011-8950-4DE8380A2201}"
EndProject
Global
	GlobalSection(SolutionConfigurationPlatforms) = preSolution
		Debug|x64 = Debug|x64
		Debug|x86 = Debug|x86
		Release|x64 = Release|x64
		Release|x86 = Release|x86
	EndGlobalSection
	GlobalSection(ProjectConfigurationPlatforms) = postSolution
		{EC1CA2DE-C68C-4011-8950-4DE8380A2201}.Debug|x64.ActiveCfg = Debug|x64
		{EC1CA2DE-C68C-4011-8950-4DE8380A2201}.Debug|x64.Build.0 = Debug|x64
		{EC1CA2DE-C68C-4011-8950-4DE8380A2201}.Debug|x86.ActiveCfg = Debug|Win32
		{EC1CA2DE-C68C-4011-8950-4DE8380A2201}.Debug|x86.Build.0 = Debug|Win32
		{EC1CA2DE-C68C-4011-8950-4DE8380A2201}.Release|x64.ActiveCfg = Release|x64
		{EC1CA2DE-C68C-4011-8950-4DE8380A2201}.Release|x64.Build.0 = Release|x64
		{EC1CA2DE-C68C-4011-8950-4DE8380A2201}.Release|x86.ActiveCfg = Release|Win32
		{EC1CA2DE-C68C-4011-8950-4DE8380A2201}.Release|x86.Build.0 = Release|Win32
	EndGlobalSection
	GlobalSection(SolutionProperties) = preSolution
		HideSolutionNode = FALSE
	EndGlobalSection
	GlobalSection(ExtensibilityGlobals) = postSolution
		SolutionGuid = {DA2FE65A-6609-441F-8108-CB7F437048D3}
	EndGlobalSection
EndGlobal
